
Microsoft Visual Studio Solution File, Format Version 12.00
# Visual Studio Version 17
VisualStudioVersion = 17.12.35707.178 d17.12
MinimumVisualStudioVersion = 10.0.40219.1
Project("{FAE04EC0-301F-11D3-BF4B-00C04F79EFBC}") = "TaskPerformance", "TaskPerformance\TaskPerformance.csproj", "{FEBC7B53-74E2-4F37-B9BE-CEAB0FAAD3DF}"
EndProject
Project("{FAE04EC0-301F-11D3-BF4B-00C04F79EFBC}") = "CalculatorPrivateAssembly", "CalculatorPrivateAssembly\CalculatorPrivateAssembly.csproj", "{15AADC28-0E1F-4A41-9A8E-C56446B796AF}"
EndProject
Global
	GlobalSection(SolutionConfigurationPlatforms) = preSolution
		Debug|Any CPU = Debug|Any CPU
		Release|Any CPU = Release|Any CPU
	EndGlobalSection
	GlobalSection(ProjectConfigurationPlatforms) = postSolution
		{FEBC7B53-74E2-4F37-B9BE-CEAB0FAAD3DF}.Debug|Any CPU.ActiveCfg = Debug|Any CPU
		{FEBC7B53-74E2-4F37-B9BE-CEAB0FAAD3DF}.Debug|Any CPU.Build.0 = Debug|Any CPU
		{FEBC7B53-74E2-4F37-B9BE-CEAB0FAAD3DF}.Release|Any CPU.ActiveCfg = Release|Any CPU
		{FEBC7B53-74E2-4F37-B9BE-CEAB0FAAD3DF}.Release|Any CPU.Build.0 = Release|Any CPU
		{15AADC28-0E1F-4A41-9A8E-C56446B796AF}.Debug|Any CPU.ActiveCfg = Debug|Any CPU
		{15AADC28-0E1F-4A41-9A8E-C56446B796AF}.Debug|Any CPU.Build.0 = Debug|Any CPU
		{15AADC28-0E1F-4A41-9A8E-C56446B796AF}.Release|Any CPU.ActiveCfg = Release|Any CPU
		{15AADC28-0E1F-4A41-9A8E-C56446B796AF}.Release|Any CPU.Build.0 = Release|Any CPU
	EndGlobalSection
	GlobalSection(SolutionProperties) = preSolution
		HideSolutionNode = FALSE
	EndGlobalSection
EndGlobal
